
Microsoft Visual Studio Solution File, Format Version 12.00
# Visual Studio Version 17
VisualStudioVersion = 17.9.34714.143
MinimumVisualStudioVersion = 10.0.40219.1
Project("{FAE04EC0-301F-11D3-BF4B-00C04F79EFBC}") = "Task5_Grade Calculator", "Task5_Grade Calculator\Task5_Grade Calculator.csproj", "{0196BD65-89C9-49F1-8533-F27CD52CF7E6}"
EndProject
Global
	GlobalSection(SolutionConfigurationPlatforms) = preSolution
		Debug|Any CPU = Debug|Any CPU
		Release|Any CPU = Release|Any CPU
	EndGlobalSection
	GlobalSection(ProjectConfigurationPlatforms) = postSolution
		{0196BD65-89C9-49F1-8533-F27CD52CF7E6}.Debug|Any CPU.ActiveCfg = Debug|Any CPU
		{0196BD65-89C9-49F1-8533-F27CD52CF7E6}.Debug|Any CPU.Build.0 = Debug|Any CPU
		{0196BD65-89C9-49F1-8533-F27CD52CF7E6}.Release|Any CPU.ActiveCfg = Release|Any CPU
		{0196BD65-89C9-49F1-8533-F27CD52CF7E6}.Release|Any CPU.Build.0 = Release|Any CPU
	EndGlobalSection
	GlobalSection(SolutionProperties) = preSolution
		HideSolutionNode = FALSE
	EndGlobalSection
	GlobalSection(ExtensibilityGlobals) = postSolution
		SolutionGuid = {3B6C2946-939D-4F15-9075-C5BA1B0FBFB6}
	EndGlobalSection
EndGlobal
